<?xml version="1.0" encoding="utf-8"?>
<Project ToolsVersion="4.0" xmlns="http://schemas.microsoft.com/developer/msbuild/2003">
  <ItemGroup>
    <Filter Include="include">
      <UniqueIdentifier>{a5ad5524-6631-43f0-bd85-df49d7bbb45c}</UniqueIdentifier>
    </Filter>
    <Filter Include="source">
      <UniqueIdentifier>{aef54270-b048-4558-ab78-ea2880137ede}</UniqueIdentifier>
    </Filter>
  </ItemGroup>
  <ItemGroup>
    <ClInclude Include="..\include\fooey\fooey.hpp">
      <Filter>include</Filter>
    </ClInclude>
  </ItemGroup>
</Project>